{
    "_meta": {
        "hash": {
            "sha256": "1e3cc14c317d2e1d7cccecd1fcc7afd5b60c23767c0d3997b1db5574a144d218"
        },
        "pipfile-spec": 6,
        "requires": {
            "python_version": "3.13"
        },
        "sources": [
            {
                "name": "pypi",
                "url": "https://pypi.org/simple",
                "verify_ssl": true
            }
        ]
    },
    "default": {},
    "develop": {}
}
